<Solution>
  <Project Path="SparkToCode2026/Task1.csproj" />
  <Project Path="Task-2/Task-2.csproj" />
  <Project Path="Task-3/Task-3.csproj" Id="d5216b02-d7dc-4201-a37a-6b441429fa9b" />
  <Project Path="Task-writing-easier by sultan/Task-writing-easier by sultan.csproj" Id="0e015b1c-09f1-4360-ba25-f27cf1241966" />
</Solution>
